
Microsoft Visual Studio Solution File, Format Version 12.00
# Visual Studio Version 17
VisualStudioVersion = 17.7.34221.43
MinimumVisualStudioVersion = 10.0.40219.1
Project("{FAE04EC0-301F-11D3-BF4B-00C04F79EFBC}") = "TypeTransferCli", "TypeTransferCli.csproj", "{081A4E6A-DAD3-4C2C-B46C-CBC4CFB011D5}"
EndProject
Global
	GlobalSection(SolutionConfigurationPlatforms) = preSolution
		Debug|Any CPU = Debug|Any CPU
		Release|Any CPU = Release|Any CPU
	EndGlobalSection
	GlobalSection(ProjectConfigurationPlatforms) = postSolution
		{081A4E6A-DAD3-4C2C-B46C-CBC4CFB011D5}.Debug|Any CPU.ActiveCfg = Debug|Any CPU
		{081A4E6A-DAD3-4C2C-B46C-CBC4CFB011D5}.Debug|Any CPU.Build.0 = Debug|Any CPU
		{081A4E6A-DAD3-4C2C-B46C-CBC4CFB011D5}.Release|Any CPU.ActiveCfg = Release|Any CPU
		{081A4E6A-DAD3-4C2C-B46C-CBC4CFB011D5}.Release|Any CPU.Build.0 = Release|Any CPU
	EndGlobalSection
	GlobalSection(SolutionProperties) = preSolution
		HideSolutionNode = FALSE
	EndGlobalSection
	GlobalSection(ExtensibilityGlobals) = postSolution
		SolutionGuid = {4D2D7590-D2D7-4033-BC4A-BCBB37C62B44}
	EndGlobalSection
EndGlobal
